
Microsoft Visual Studio Solution File, Format Version 12.00
# Visual Studio Version 17
VisualStudioVersion = 17.3.32922.545
MinimumVisualStudioVersion = 10.0.40219.1
Project("{9A19103F-16F7-4668-BE54-9A1E7A4F7556}") = "Domain.Core", "src\Domain.Core\Domain.Core.csproj", "{37A10FE4-B9CF-4FD0-9735-31438151AE30}"
EndProject
Project("{9A19103F-16F7-4668-BE54-9A1E7A4F7556}") = "SinisterApi.API", "src\SinisterApi.API\SinisterApi.API.csproj", "{AB4F3D60-D4AA-478F-91AF-E903453761F6}"
EndProject
Project("{9A19103F-16F7-4668-BE54-9A1E7A4F7556}") = "Repository", "src\Repository\Repository.csproj", "{1CBB7F08-8190-4B76-9145-D8C58EDEE01A}"
EndProject
Project("{9A19103F-16F7-4668-BE54-9A1E7A4F7556}") = "Infrastruture.CrossCutting.IoC", "src\Infrastruture.CrossCutting.IoC\Infrastruture.CrossCutting.IoC.csproj", "{C528D5F5-8E54-4403-AED0-22E66CAFA4F6}"
EndProject
Project("{9A19103F-16F7-4668-BE54-9A1E7A4F7556}") = "Application", "src\Application\Application.csproj", "{4F50088C-E846-4DF3-B0A8-87E32BC9A81E}"
EndProject
Project("{9A19103F-16F7-4668-BE54-9A1E7A4F7556}") = "Infrastruture.Logger", "src\Infrastruture.Logger\Infrastruture.Logger.csproj", "{78360330-DCDE-49CE-A050-DBD9E1549BEC}"
EndProject
Project("{9A19103F-16F7-4668-BE54-9A1E7A4F7556}") = "Integration.BMG", "src\Integration.BMG\Integration.BMG.csproj", "{B41C3A46-1E0F-47F3-8431-8FCB0A9A3F4F}"
EndProject
Project("{9A19103F-16F7-4668-BE54-9A1E7A4F7556}") = "Infrastruture.CrossCutting.Identity", "src\Infrastruture.CrossCutting.Identity\Infrastruture.CrossCutting.Identity.csproj", "{8EA54964-BE3B-4165-8344-C641EC26C540}"
EndProject
Project("{9A19103F-16F7-4668-BE54-9A1E7A4F7556}") = "Application.DTO", "src\Application.DTO\Application.DTO.csproj", "{492E45F0-BCB1-4DF2-986C-4C33D3C91BA4}"
EndProject
Project("{2150E333-8FDC-42A3-9474-1A3956D46DE8}") = "1 - Presentantion", "1 - Presentantion", "{D1CA2D32-45BF-472E-8D10-73926237DF0D}"
EndProject
Project("{2150E333-8FDC-42A3-9474-1A3956D46DE8}") = "2 - Application", "2 - Application", "{4B8FB2EA-49AD-44CC-98E0-87D83672F1F6}"
EndProject
Project("{2150E333-8FDC-42A3-9474-1A3956D46DE8}") = "3 - Domain", "3 - Domain", "{C704E89F-E694-4B7B-955E-079E4B568FAA}"
EndProject
Project("{2150E333-8FDC-42A3-9474-1A3956D46DE8}") = "4 - Infrastructure", "4 - Infrastructure", "{DB328A2E-5D20-44C6-ABA5-C45282E7DE91}"
EndProject
Project("{2150E333-8FDC-42A3-9474-1A3956D46DE8}") = "4.1 - Data", "4.1 - Data", "{438C07DA-9B71-4F73-8033-400233345BFB}"
EndProject
Project("{2150E333-8FDC-42A3-9474-1A3956D46DE8}") = "4.2 - CrossCutting", "4.2 - CrossCutting", "{8FF00863-3324-4E40-81BD-6C9896B94543}"
EndProject
Project("{2150E333-8FDC-42A3-9474-1A3956D46DE8}") = "4.3 - Logger", "4.3 - Logger", "{02817FDF-25C7-45F8-9219-761A172EC566}"
EndProject
Project("{2150E333-8FDC-42A3-9474-1A3956D46DE8}") = "5 - Integration", "5 - Integration", "{1B32DB75-C8EA-4935-948D-202A4C3B1ECE}"
EndProject
Global
	GlobalSection(SolutionConfigurationPlatforms) = preSolution
		Debug|Any CPU = Debug|Any CPU
		Release|Any CPU = Release|Any CPU
	EndGlobalSection
	GlobalSection(ProjectConfigurationPlatforms) = postSolution
		{37A10FE4-B9CF-4FD0-9735-31438151AE30}.Debug|Any CPU.ActiveCfg = Debug|Any CPU
		{37A10FE4-B9CF-4FD0-9735-31438151AE30}.Debug|Any CPU.Build.0 = Debug|Any CPU
		{37A10FE4-B9CF-4FD0-9735-31438151AE30}.Release|Any CPU.ActiveCfg = Release|Any CPU
		{37A10FE4-B9CF-4FD0-9735-31438151AE30}.Release|Any CPU.Build.0 = Release|Any CPU
		{AB4F3D60-D4AA-478F-91AF-E903453761F6}.Debug|Any CPU.ActiveCfg = Debug|Any CPU
		{AB4F3D60-D4AA-478F-91AF-E903453761F6}.Debug|Any CPU.Build.0 = Debug|Any CPU
		{AB4F3D60-D4AA-478F-91AF-E903453761F6}.Release|Any CPU.ActiveCfg = Release|Any CPU
		{AB4F3D60-D4AA-478F-91AF-E903453761F6}.Release|Any CPU.Build.0 = Release|Any CPU
		{1CBB7F08-8190-4B76-9145-D8C58EDEE01A}.Debug|Any CPU.ActiveCfg = Debug|Any CPU
		{1CBB7F08-8190-4B76-9145-D8C58EDEE01A}.Debug|Any CPU.Build.0 = Debug|Any CPU
		{1CBB7F08-8190-4B76-9145-D8C58EDEE01A}.Release|Any CPU.ActiveCfg = Release|Any CPU
		{1CBB7F08-8190-4B76-9145-D8C58EDEE01A}.Release|Any CPU.Build.0 = Release|Any CPU
		{C528D5F5-8E54-4403-AED0-22E66CAFA4F6}.Debug|Any CPU.ActiveCfg = Debug|Any CPU
		{C528D5F5-8E54-4403-AED0-22E66CAFA4F6}.Debug|Any CPU.Build.0 = Debug|Any CPU
		{C528D5F5-8E54-4403-AED0-22E66CAFA4F6}.Release|Any CPU.ActiveCfg = Release|Any CPU
		{C528D5F5-8E54-4403-AED0-22E66CAFA4F6}.Release|Any CPU.Build.0 = Release|Any CPU
		{4F50088C-E846-4DF3-B0A8-87E32BC9A81E}.Debug|Any CPU.ActiveCfg = Debug|Any CPU
		{4F50088C-E846-4DF3-B0A8-87E32BC9A81E}.Debug|Any CPU.Build.0 = Debug|Any CPU
		{4F50088C-E846-4DF3-B0A8-87E32BC9A81E}.Release|Any CPU.ActiveCfg = Release|Any CPU
		{4F50088C-E846-4DF3-B0A8-87E32BC9A81E}.Release|Any CPU.Build.0 = Release|Any CPU
		{78360330-DCDE-49CE-A050-DBD9E1549BEC}.Debug|Any CPU.ActiveCfg = Debug|Any CPU
		{78360330-DCDE-49CE-A050-DBD9E1549BEC}.Debug|Any CPU.Build.0 = Debug|Any CPU
		{78360330-DCDE-49CE-A050-DBD9E1549BEC}.Release|Any CPU.ActiveCfg = Release|Any CPU
		{78360330-DCDE-49CE-A050-DBD9E1549BEC}.Release|Any CPU.Build.0 = Release|Any CPU
		{B41C3A46-1E0F-47F3-8431-8FCB0A9A3F4F}.Debug|Any CPU.ActiveCfg = Debug|Any CPU
		{B41C3A46-1E0F-47F3-8431-8FCB0A9A3F4F}.Debug|Any CPU.Build.0 = Debug|Any CPU
		{B41C3A46-1E0F-47F3-8431-8FCB0A9A3F4F}.Release|Any CPU.ActiveCfg = Release|Any CPU
		{B41C3A46-1E0F-47F3-8431-8FCB0A9A3F4F}.Release|Any CPU.Build.0 = Release|Any CPU
		{8EA54964-BE3B-4165-8344-C641EC26C540}.Debug|Any CPU.ActiveCfg = Debug|Any CPU
		{8EA54964-BE3B-4165-8344-C641EC26C540}.Debug|Any CPU.Build.0 = Debug|Any CPU
		{8EA54964-BE3B-4165-8344-C641EC26C540}.Release|Any CPU.ActiveCfg = Release|Any CPU
		{8EA54964-BE3B-4165-8344-C641EC26C540}.Release|Any CPU.Build.0 = Release|Any CPU
		{492E45F0-BCB1-4DF2-986C-4C33D3C91BA4}.Debug|Any CPU.ActiveCfg = Debug|Any CPU
		{492E45F0-BCB1-4DF2-986C-4C33D3C91BA4}.Debug|Any CPU.Build.0 = Debug|Any CPU
		{492E45F0-BCB1-4DF2-986C-4C33D3C91BA4}.Release|Any CPU.ActiveCfg = Release|Any CPU
		{492E45F0-BCB1-4DF2-986C-4C33D3C91BA4}.Release|Any CPU.Build.0 = Release|Any CPU
	EndGlobalSection
	GlobalSection(SolutionProperties) = preSolution
		HideSolutionNode = FALSE
	EndGlobalSection
	GlobalSection(NestedProjects) = preSolution
		{37A10FE4-B9CF-4FD0-9735-31438151AE30} = {C704E89F-E694-4B7B-955E-079E4B568FAA}
		{AB4F3D60-D4AA-478F-91AF-E903453761F6} = {D1CA2D32-45BF-472E-8D10-73926237DF0D}
		{1CBB7F08-8190-4B76-9145-D8C58EDEE01A} = {438C07DA-9B71-4F73-8033-400233345BFB}
		{C528D5F5-8E54-4403-AED0-22E66CAFA4F6} = {8FF00863-3324-4E40-81BD-6C9896B94543}
		{4F50088C-E846-4DF3-B0A8-87E32BC9A81E} = {4B8FB2EA-49AD-44CC-98E0-87D83672F1F6}
		{78360330-DCDE-49CE-A050-DBD9E1549BEC} = {02817FDF-25C7-45F8-9219-761A172EC566}
		{B41C3A46-1E0F-47F3-8431-8FCB0A9A3F4F} = {1B32DB75-C8EA-4935-948D-202A4C3B1ECE}
		{8EA54964-BE3B-4165-8344-C641EC26C540} = {8FF00863-3324-4E40-81BD-6C9896B94543}
		{492E45F0-BCB1-4DF2-986C-4C33D3C91BA4} = {4B8FB2EA-49AD-44CC-98E0-87D83672F1F6}
		{438C07DA-9B71-4F73-8033-400233345BFB} = {DB328A2E-5D20-44C6-ABA5-C45282E7DE91}
		{8FF00863-3324-4E40-81BD-6C9896B94543} = {DB328A2E-5D20-44C6-ABA5-C45282E7DE91}
		{02817FDF-25C7-45F8-9219-761A172EC566} = {DB328A2E-5D20-44C6-ABA5-C45282E7DE91}
	EndGlobalSection
	GlobalSection(ExtensibilityGlobals) = postSolution
		SolutionGuid = {5B4C9051-A786-41A0-973E-6EA46F0788B6}
	EndGlobalSection
EndGlobal
